
Microsoft Visual Studio Solution File, Format Version 12.00
# Visual Studio Version 17
VisualStudioVersion = 17.9.34728.123
MinimumVisualStudioVersion = 10.0.40219.1
Project("{FAE04EC0-301F-11D3-BF4B-00C04F79EFBC}") = "estante", "estante\estante.csproj", "{F2F5D847-A2B3-46C3-9AC9-B7F8A194ECE6}"
EndProject
Global
	GlobalSection(SolutionConfigurationPlatforms) = preSolution
		Debug|Any CPU = Debug|Any CPU
		Release|Any CPU = Release|Any CPU
	EndGlobalSection
	GlobalSection(ProjectConfigurationPlatforms) = postSolution
		{F2F5D847-A2B3-46C3-9AC9-B7F8A194ECE6}.Debug|Any CPU.ActiveCfg = Debug|Any CPU
		{F2F5D847-A2B3-46C3-9AC9-B7F8A194ECE6}.Debug|Any CPU.Build.0 = Debug|Any CPU
		{F2F5D847-A2B3-46C3-9AC9-B7F8A194ECE6}.Release|Any CPU.ActiveCfg = Release|Any CPU
		{F2F5D847-A2B3-46C3-9AC9-B7F8A194ECE6}.Release|Any CPU.Build.0 = Release|Any CPU
	EndGlobalSection
	GlobalSection(SolutionProperties) = preSolution
		HideSolutionNode = FALSE
	EndGlobalSection
	GlobalSection(ExtensibilityGlobals) = postSolution
		SolutionGuid = {DC402015-030A-4E4D-829A-2DF11CDD8202}
	EndGlobalSection
EndGlobal
